// !$*UTF8*$!
{
	archiveVersion = 1;
	classes = {
	};
	objectVersion = 56;
	objects = {

/* Begin PBXBuildFile section */
		4307B6292B8A490400983A1D /* Roman to Integer.swift in Sources */ = {isa = PBXBuildFile; fileRef = 4307B6282B8A490400983A1D /* Roman to Integer.swift */; };
		431D34E22B924A6C0059228D /* Longest Common Prefix.swift in Sources */ = {isa = PBXBuildFile; fileRef = 431D34E12B924A6C0059228D /* Longest Common Prefix.swift */; };
		43B03CEF293D043E00223864 /* Swift_LeetcodeApp.swift in Sources */ = {isa = PBXBuildFile; fileRef = 43B03CEE293D043E00223864 /* Swift_LeetcodeApp.swift */; };
		43B03CF1293D043E00223864 /* ContentView.swift in Sources */ = {isa = PBXBuildFile; fileRef = 43B03CF0293D043E00223864 /* ContentView.swift */; };
		43B03CF3293D043F00223864 /* Assets.xcassets in Resources */ = {isa = PBXBuildFile; fileRef = 43B03CF2293D043F00223864 /* Assets.xcassets */; };
		43B03CF6293D043F00223864 /* Preview Assets.xcassets in Resources */ = {isa = PBXBuildFile; fileRef = 43B03CF5293D043F00223864 /* Preview Assets.xcassets */; };
		43B03D00293D04AD00223864 /* Two Sum.swift in Sources */ = {isa = PBXBuildFile; fileRef = 43B03CFF293D04AD00223864 /* Two Sum.swift */; };
/* End PBXBuildFile section */

/* Begin PBXFileReference section */
		43060F622B961BC00085F9AC /* Maximum Odd Binary Number.playground */ = {isa = PBXFileReference; lastKnownFileType = file.playground; path = "Maximum Odd Binary Number.playground"; sourceTree = "<group>"; xcLanguageSpecificationIdentifier = xcode.lang.swift; };
		4307B6282B8A490400983A1D /* Roman to Integer.swift */ = {isa = PBXFileReference; lastKnownFileType = sourcecode.swift; path = "Roman to Integer.swift"; sourceTree = "<group>"; };
		4307B62A2B8A492A00983A1D /* Roman to Integer.playground */ = {isa = PBXFileReference; lastKnownFileType = file.playground; path = "Roman to Integer.playground"; sourceTree = "<group>"; xcLanguageSpecificationIdentifier = xcode.lang.swift; };
		430D88102B937FCB009227FA /* Squares of a Soretd Array.playground */ = {isa = PBXFileReference; lastKnownFileType = file.playground; path = "Squares of a Soretd Array.playground"; sourceTree = "<group>"; xcLanguageSpecificationIdentifier = xcode.lang.swift; };
		431D34E12B924A6C0059228D /* Longest Common Prefix.swift */ = {isa = PBXFileReference; lastKnownFileType = sourcecode.swift; path = "Longest Common Prefix.swift"; sourceTree = "<group>"; };
		431D34E32B924A750059228D /* Longest Common Prefix.playground */ = {isa = PBXFileReference; lastKnownFileType = file.playground; path = "Longest Common Prefix.playground"; sourceTree = "<group>"; xcLanguageSpecificationIdentifier = xcode.lang.swift; };
		433FDA9A2B98E1B70058BFC3 /* Merge Two Sorted List.playground */ = {isa = PBXFileReference; lastKnownFileType = file.playground; path = "Merge Two Sorted List.playground"; sourceTree = "<group>"; xcLanguageSpecificationIdentifier = xcode.lang.swift; };
		433FDA9C2B9B74EE0058BFC3 /* Remove Duplicates from Sorted Array.playground */ = {isa = PBXFileReference; lastKnownFileType = file.playground; path = "Remove Duplicates from Sorted Array.playground"; sourceTree = "<group>"; xcLanguageSpecificationIdentifier = xcode.lang.swift; };
		4347CC712B95FCC70032ED54 /* Palindrome Number.playground */ = {isa = PBXFileReference; lastKnownFileType = file.playground; path = "Palindrome Number.playground"; sourceTree = "<group>"; xcLanguageSpecificationIdentifier = xcode.lang.swift; };
		436D12602BC2752300ACF09D /* Remove Element.playground */ = {isa = PBXFileReference; lastKnownFileType = file.playground; path = "Remove Element.playground"; sourceTree = "<group>"; xcLanguageSpecificationIdentifier = xcode.lang.swift; };
		436D12622BC46D1F00ACF09D /* Find the index of First Occurrence in a String.playground */ = {isa = PBXFileReference; lastKnownFileType = file.playground; path = "Find the index of First Occurrence in a String.playground"; sourceTree = "<group>"; xcLanguageSpecificationIdentifier = xcode.lang.swift; };
		43A022B42B94B91E00C6A00C /* Remove Nth Node From End of List.playground */ = {isa = PBXFileReference; lastKnownFileType = file.playground; path = "Remove Nth Node From End of List.playground"; sourceTree = "<group>"; xcLanguageSpecificationIdentifier = xcode.lang.swift; };
		43AC9C1A2B9254B000BDC986 /* Valid Parentheses.playground */ = {isa = PBXFileReference; lastKnownFileType = file.playground; path = "Valid Parentheses.playground"; sourceTree = "<group>"; xcLanguageSpecificationIdentifier = xcode.lang.swift; };
		43B03CEB293D043E00223864 /* Swift-Leetcode.app */ = {isa = PBXFileReference; explicitFileType = wrapper.application; includeInIndex = 0; path = "Swift-Leetcode.app"; sourceTree = BUILT_PRODUCTS_DIR; };
		43B03CEE293D043E00223864 /* Swift_LeetcodeApp.swift */ = {isa = PBXFileReference; lastKnownFileType = sourcecode.swift; path = Swift_LeetcodeApp.swift; sourceTree = "<group>"; };
		43B03CF0293D043E00223864 /* ContentView.swift */ = {isa = PBXFileReference; lastKnownFileType = sourcecode.swift; path = ContentView.swift; sourceTree = "<group>"; };
		43B03CF2293D043F00223864 /* Assets.xcassets */ = {isa = PBXFileReference; lastKnownFileType = folder.assetcatalog; path = Assets.xcassets; sourceTree = "<group>"; };
		43B03CF5293D043F00223864 /* Preview Assets.xcassets */ = {isa = PBXFileReference; lastKnownFileType = folder.assetcatalog; path = "Preview Assets.xcassets"; sourceTree = "<group>"; };
		43B03CFF293D04AD00223864 /* Two Sum.swift */ = {isa = PBXFileReference; lastKnownFileType = sourcecode.swift; path = "Two Sum.swift"; sourceTree = "<group>"; };
		43B03D01293D04CF00223864 /* Two Sum.playground */ = {isa = PBXFileReference; lastKnownFileType = file.playground; path = "Two Sum.playground"; sourceTree = "<group>"; xcLanguageSpecificationIdentifier = xcode.lang.swift; };
/* End PBXFileReference section */

/* Begin PBXFrameworksBuildPhase section */
		43B03CE8293D043E00223864 /* Frameworks */ = {
			isa = PBXFrameworksBuildPhase;
			buildActionMask = 2147483647;
			files = (
			);
			runOnlyForDeploymentPostprocessing = 0;
		};
/* End PBXFrameworksBuildPhase section */

/* Begin PBXGroup section */
		43060F612B961B930085F9AC /* 2864 - Maximum Odd Binary Number */ = {
			isa = PBXGroup;
			children = (
				43060F622B961BC00085F9AC /* Maximum Odd Binary Number.playground */,
			);
			path = "2864 - Maximum Odd Binary Number";
			sourceTree = "<group>";
		};
		4307B6272B8A486800983A1D /* 0013 - Roman to Integer */ = {
			isa = PBXGroup;
			children = (
				4307B6282B8A490400983A1D /* Roman to Integer.swift */,
				4307B62A2B8A492A00983A1D /* Roman to Integer.playground */,
			);
			path = "0013 - Roman to Integer";
			sourceTree = "<group>";
		};
		430D880F2B937FA4009227FA /* 0977 - Squares of a Soretd Array */ = {
			isa = PBXGroup;
			children = (
				430D88102B937FCB009227FA /* Squares of a Soretd Array.playground */,
			);
			path = "0977 - Squares of a Soretd Array";
			sourceTree = "<group>";
		};
		431D34E02B924A450059228D /* 0014 - Longest Common Prefix */ = {
			isa = PBXGroup;
			children = (
				431D34E12B924A6C0059228D /* Longest Common Prefix.swift */,
				431D34E32B924A750059228D /* Longest Common Prefix.playground */,
			);
			path = "0014 - Longest Common Prefix";
			sourceTree = "<group>";
		};
		433FDA992B98E18F0058BFC3 /* 0021 - Merge Two Sorted List */ = {
			isa = PBXGroup;
			children = (
				433FDA9A2B98E1B70058BFC3 /* Merge Two Sorted List.playground */,
			);
			path = "0021 - Merge Two Sorted List";
			sourceTree = "<group>";
		};
		433FDA9B2B9B74AF0058BFC3 /* 0026 - Remove Duplicates from Sorted Array */ = {
			isa = PBXGroup;
			children = (
				433FDA9C2B9B74EE0058BFC3 /* Remove Duplicates from Sorted Array.playground */,
			);
			path = "0026 - Remove Duplicates from Sorted Array";
			sourceTree = "<group>";
		};
		4347CC702B95FC760032ED54 /* 0009 - Palindrome Number */ = {
			isa = PBXGroup;
			children = (
				4347CC712B95FCC70032ED54 /* Palindrome Number.playground */,
			);
			path = "0009 - Palindrome Number";
			sourceTree = "<group>";
		};
		436D125F2BC274FB00ACF09D /* 0027 - Remove Element */ = {
			isa = PBXGroup;
			children = (
				436D12602BC2752300ACF09D /* Remove Element.playground */,
			);
			path = "0027 - Remove Element";
			sourceTree = "<group>";
		};
		436D12612BC46CD300ACF09D /* 0028 - Find the index of First Occurrence in a String */ = {
			isa = PBXGroup;
			children = (
				436D12622BC46D1F00ACF09D /* Find the index of First Occurrence in a String.playground */,
			);
			path = "0028 - Find the index of First Occurrence in a String";
			sourceTree = "<group>";
		};
		43A022B22B94B8B500C6A00C /* Medium */ = {
			isa = PBXGroup;
			children = (
				43A022B32B94B8D600C6A00C /* 0019 - Remove Nth Node From End of List */,
			);
			path = Medium;
			sourceTree = "<group>";
		};
		43A022B32B94B8D600C6A00C /* 0019 - Remove Nth Node From End of List */ = {
			isa = PBXGroup;
			children = (
				43A022B42B94B91E00C6A00C /* Remove Nth Node From End of List.playground */,
			);
			path = "0019 - Remove Nth Node From End of List";
			sourceTree = "<group>";
		};
		43AC9C192B92548A00BDC986 /* 0020 - Valid Parentheses */ = {
			isa = PBXGroup;
			children = (
				43AC9C1A2B9254B000BDC986 /* Valid Parentheses.playground */,
			);
			path = "0020 - Valid Parentheses";
			sourceTree = "<group>";
		};
		43B03CE2293D043E00223864 = {
			isa = PBXGroup;
			children = (
				43B03CED293D043E00223864 /* Swift-Leetcode */,
				43B03CEC293D043E00223864 /* Products */,
			);
			sourceTree = "<group>";
		};
		43B03CEC293D043E00223864 /* Products */ = {
			isa = PBXGroup;
			children = (
				43B03CEB293D043E00223864 /* Swift-Leetcode.app */,
			);
			name = Products;
			sourceTree = "<group>";
		};
		43B03CED293D043E00223864 /* Swift-Leetcode */ = {
			isa = PBXGroup;
			children = (
				43B03CF4293D043F00223864 /* Preview Content */,
				43B03CFC293D046500223864 /* App */,
				43B03CFD293D047500223864 /* Easy */,
				43A022B22B94B8B500C6A00C /* Medium */,
			);
			path = "Swift-Leetcode";
			sourceTree = "<group>";
		};
		43B03CF4293D043F00223864 /* Preview Content */ = {
			isa = PBXGroup;
			children = (
				43B03CF5293D043F00223864 /* Preview Assets.xcassets */,
			);
			path = "Preview Content";
			sourceTree = "<group>";
		};
		43B03CFC293D046500223864 /* App */ = {
			isa = PBXGroup;
			children = (
				43B03CEE293D043E00223864 /* Swift_LeetcodeApp.swift */,
				43B03CF0293D043E00223864 /* ContentView.swift */,
				43B03CF2293D043F00223864 /* Assets.xcassets */,
			);
			path = App;
			sourceTree = "<group>";
		};
		43B03CFD293D047500223864 /* Easy */ = {
			isa = PBXGroup;
			children = (
				43B03CFE293D049F00223864 /* 0001 - Two Sum */,
				4347CC702B95FC760032ED54 /* 0009 - Palindrome Number */,
				4307B6272B8A486800983A1D /* 0013 - Roman to Integer */,
				431D34E02B924A450059228D /* 0014 - Longest Common Prefix */,
				433FDA992B98E18F0058BFC3 /* 0021 - Merge Two Sorted List */,
				43AC9C192B92548A00BDC986 /* 0020 - Valid Parentheses */,
				433FDA9B2B9B74AF0058BFC3 /* 0026 - Remove Duplicates from Sorted Array */,
				436D125F2BC274FB00ACF09D /* 0027 - Remove Element */,
				436D12612BC46CD300ACF09D /* 0028 - Find the index of First Occurrence in a String */,
				430D880F2B937FA4009227FA /* 0977 - Squares of a Soretd Array */,
				43060F612B961B930085F9AC /* 2864 - Maximum Odd Binary Number */,
			);
			path = Easy;
			sourceTree = "<group>";
		};
		43B03CFE293D049F00223864 /* 0001 - Two Sum */ = {
			isa = PBXGroup;
			children = (
				43B03CFF293D04AD00223864 /* Two Sum.swift */,
				43B03D01293D04CF00223864 /* Two Sum.playground */,
			);
			path = "0001 - Two Sum";
			sourceTree = "<group>";
		};
/* End PBXGroup section */

/* Begin PBXNativeTarget section */
		43B03CEA293D043E00223864 /* Swift-Leetcode */ = {
			isa = PBXNativeTarget;
			buildConfigurationList = 43B03CF9293D043F00223864 /* Build configuration list for PBXNativeTarget "Swift-Leetcode" */;
			buildPhases = (
				43B03CE7293D043E00223864 /* Sources */,
				43B03CE8293D043E00223864 /* Frameworks */,
				43B03CE9293D043E00223864 /* Resources */,
			);
			buildRules = (
			);
			dependencies = (
			);
			name = "Swift-Leetcode";
			productName = "Swift-Leetcode";
			productReference = 43B03CEB293D043E00223864 /* Swift-Leetcode.app */;
			productType = "com.apple.product-type.application";
		};
/* End PBXNativeTarget section */

/* Begin PBXProject section */
		43B03CE3293D043E00223864 /* Project object */ = {
			isa = PBXProject;
			attributes = {
				BuildIndependentTargetsInParallel = 1;
				LastSwiftUpdateCheck = 1400;
				LastUpgradeCheck = 1400;
				TargetAttributes = {
					43B03CEA293D043E00223864 = {
						CreatedOnToolsVersion = 14.0.1;
					};
				};
			};
			buildConfigurationList = 43B03CE6293D043E00223864 /* Build configuration list for PBXProject "Swift-Leetcode" */;
			compatibilityVersion = "Xcode 14.0";
			developmentRegion = en;
			hasScannedForEncodings = 0;
			knownRegions = (
				en,
				Base,
			);
			mainGroup = 43B03CE2293D043E00223864;
			productRefGroup = 43B03CEC293D043E00223864 /* Products */;
			projectDirPath = "";
			projectRoot = "";
			targets = (
				43B03CEA293D043E00223864 /* Swift-Leetcode */,
			);
		};
/* End PBXProject section */

/* Begin PBXResourcesBuildPhase section */
		43B03CE9293D043E00223864 /* Resources */ = {
			isa = PBXResourcesBuildPhase;
			buildActionMask = 2147483647;
			files = (
				43B03CF6293D043F00223864 /* Preview Assets.xcassets in Resources */,
				43B03CF3293D043F00223864 /* Assets.xcassets in Resources */,
			);
			runOnlyForDeploymentPostprocessing = 0;
		};
/* End PBXResourcesBuildPhase section */

/* Begin PBXSourcesBuildPhase section */
		43B03CE7293D043E00223864 /* Sources */ = {
			isa = PBXSourcesBuildPhase;
			buildActionMask = 2147483647;
			files = (
				431D34E22B924A6C0059228D /* Longest Common Prefix.swift in Sources */,
				43B03D00293D04AD00223864 /* Two Sum.swift in Sources */,
				43B03CF1293D043E00223864 /* ContentView.swift in Sources */,
				43B03CEF293D043E00223864 /* Swift_LeetcodeApp.swift in Sources */,
				4307B6292B8A490400983A1D /* Roman to Integer.swift in Sources */,
			);
			runOnlyForDeploymentPostprocessing = 0;
		};
/* End PBXSourcesBuildPhase section */

/* Begin XCBuildConfiguration section */
		43B03CF7293D043F00223864 /* Debug */ = {
			isa = XCBuildConfiguration;
			buildSettings = {
				ALWAYS_SEARCH_USER_PATHS = NO;
				CLANG_ANALYZER_NONNULL = YES;
				CLANG_ANALYZER_NUMBER_OBJECT_CONVERSION = YES_AGGRESSIVE;
				CLANG_CXX_LANGUAGE_STANDARD = "gnu++20";
				CLANG_ENABLE_MODULES = YES;
				CLANG_ENABLE_OBJC_ARC = YES;
				CLANG_ENABLE_OBJC_WEAK = YES;
				CLANG_WARN_BLOCK_CAPTURE_AUTORELEASING = YES;
				CLANG_WARN_BOOL_CONVERSION = YES;
				CLANG_WARN_COMMA = YES;
				CLANG_WARN_CONSTANT_CONVERSION = YES;
				CLANG_WARN_DEPRECATED_OBJC_IMPLEMENTATIONS = YES;
				CLANG_WARN_DIRECT_OBJC_ISA_USAGE = YES_ERROR;
				CLANG_WARN_DOCUMENTATION_COMMENTS = YES;
				CLANG_WARN_EMPTY_BODY = YES;
				CLANG_WARN_ENUM_CONVERSION = YES;
				CLANG_WARN_INFINITE_RECURSION = YES;
				CLANG_WARN_INT_CONVERSION = YES;
				CLANG_WARN_NON_LITERAL_NULL_CONVERSION = YES;
				CLANG_WARN_OBJC_IMPLICIT_RETAIN_SELF = YES;
				CLANG_WARN_OBJC_LITERAL_CONVERSION = YES;
				CLANG_WARN_OBJC_ROOT_CLASS = YES_ERROR;
				CLANG_WARN_QUOTED_INCLUDE_IN_FRAMEWORK_HEADER = YES;
				CLANG_WARN_RANGE_LOOP_ANALYSIS = YES;
				CLANG_WARN_STRICT_PROTOTYPES = YES;
				CLANG_WARN_SUSPICIOUS_MOVE = YES;
				CLANG_WARN_UNGUARDED_AVAILABILITY = YES_AGGRESSIVE;
				CLANG_WARN_UNREACHABLE_CODE = YES;
				CLANG_WARN__DUPLICATE_METHOD_MATCH = YES;
				COPY_PHASE_STRIP = NO;
				DEBUG_INFORMATION_FORMAT = dwarf;
				ENABLE_STRICT_OBJC_MSGSEND = YES;
				ENABLE_TESTABILITY = YES;
				GCC_C_LANGUAGE_STANDARD = gnu11;
				GCC_DYNAMIC_NO_PIC = NO;
				GCC_NO_COMMON_BLOCKS = YES;
				GCC_OPTIMIZATION_LEVEL = 0;
				GCC_PREPROCESSOR_DEFINITIONS = (
					"DEBUG=1",
					"$(inherited)",
				);
				GCC_WARN_64_TO_32_BIT_CONVERSION = YES;
				GCC_WARN_ABOUT_RETURN_TYPE = YES_ERROR;
				GCC_WARN_UNDECLARED_SELECTOR = YES;
				GCC_WARN_UNINITIALIZED_AUTOS = YES_AGGRESSIVE;
				GCC_WARN_UNUSED_FUNCTION = YES;
				GCC_WARN_UNUSED_VARIABLE = YES;
				IPHONEOS_DEPLOYMENT_TARGET = 16.0;
				MTL_ENABLE_DEBUG_INFO = INCLUDE_SOURCE;
				MTL_FAST_MATH = YES;
				ONLY_ACTIVE_ARCH = YES;
				SDKROOT = iphoneos;
				SWIFT_ACTIVE_COMPILATION_CONDITIONS = DEBUG;
				SWIFT_OPTIMIZATION_LEVEL = "-Onone";
			};
			name = Debug;
		};
		43B03CF8293D043F00223864 /* Release */ = {
			isa = XCBuildConfiguration;
			buildSettings = {
				ALWAYS_SEARCH_USER_PATHS = NO;
				CLANG_ANALYZER_NONNULL = YES;
				CLANG_ANALYZER_NUMBER_OBJECT_CONVERSION = YES_AGGRESSIVE;
				CLANG_CXX_LANGUAGE_STANDARD = "gnu++20";
				CLANG_ENABLE_MODULES = YES;
				CLANG_ENABLE_OBJC_ARC = YES;
				CLANG_ENABLE_OBJC_WEAK = YES;
				CLANG_WARN_BLOCK_CAPTURE_AUTORELEASING = YES;
				CLANG_WARN_BOOL_CONVERSION = YES;
				CLANG_WARN_COMMA = YES;
				CLANG_WARN_CONSTANT_CONVERSION = YES;
				CLANG_WARN_DEPRECATED_OBJC_IMPLEMENTATIONS = YES;
				CLANG_WARN_DIRECT_OBJC_ISA_USAGE = YES_ERROR;
				CLANG_WARN_DOCUMENTATION_COMMENTS = YES;
				CLANG_WARN_EMPTY_BODY = YES;
				CLANG_WARN_ENUM_CONVERSION = YES;
				CLANG_WARN_INFINITE_RECURSION = YES;
				CLANG_WARN_INT_CONVERSION = YES;
				CLANG_WARN_NON_LITERAL_NULL_CONVERSION = YES;
				CLANG_WARN_OBJC_IMPLICIT_RETAIN_SELF = YES;
				CLANG_WARN_OBJC_LITERAL_CONVERSION = YES;
				CLANG_WARN_OBJC_ROOT_CLASS = YES_ERROR;
				CLANG_WARN_QUOTED_INCLUDE_IN_FRAMEWORK_HEADER = YES;
				CLANG_WARN_RANGE_LOOP_ANALYSIS = YES;
				CLANG_WARN_STRICT_PROTOTYPES = YES;
				CLANG_WARN_SUSPICIOUS_MOVE = YES;
				CLANG_WARN_UNGUARDED_AVAILABILITY = YES_AGGRESSIVE;
				CLANG_WARN_UNREACHABLE_CODE = YES;
				CLANG_WARN__DUPLICATE_METHOD_MATCH = YES;
				COPY_PHASE_STRIP = NO;
				DEBUG_INFORMATION_FORMAT = "dwarf-with-dsym";
				ENABLE_NS_ASSERTIONS = NO;
				ENABLE_STRICT_OBJC_MSGSEND = YES;
				GCC_C_LANGUAGE_STANDARD = gnu11;
				GCC_NO_COMMON_BLOCKS = YES;
				GCC_WARN_64_TO_32_BIT_CONVERSION = YES;
				GCC_WARN_ABOUT_RETURN_TYPE = YES_ERROR;
				GCC_WARN_UNDECLARED_SELECTOR = YES;
				GCC_WARN_UNINITIALIZED_AUTOS = YES_AGGRESSIVE;
				GCC_WARN_UNUSED_FUNCTION = YES;
				GCC_WARN_UNUSED_VARIABLE = YES;
				IPHONEOS_DEPLOYMENT_TARGET = 16.0;
				MTL_ENABLE_DEBUG_INFO = NO;
				MTL_FAST_MATH = YES;
				SDKROOT = iphoneos;
				SWIFT_COMPILATION_MODE = wholemodule;
				SWIFT_OPTIMIZATION_LEVEL = "-O";
				VALIDATE_PRODUCT = YES;
			};
			name = Release;
		};
		43B03CFA293D043F00223864 /* Debug */ = {
			isa = XCBuildConfiguration;
			buildSettings = {
				ASSETCATALOG_COMPILER_APPICON_NAME = AppIcon;
				ASSETCATALOG_COMPILER_GLOBAL_ACCENT_COLOR_NAME = AccentColor;
				CODE_SIGN_STYLE = Automatic;
				CURRENT_PROJECT_VERSION = 1;
				DEVELOPMENT_ASSET_PATHS = "\"Swift-Leetcode/Preview Content\"";
				ENABLE_PREVIEWS = YES;
				GENERATE_INFOPLIST_FILE = YES;
				INFOPLIST_KEY_UIApplicationSceneManifest_Generation = YES;
				INFOPLIST_KEY_UIApplicationSupportsIndirectInputEvents = YES;
				INFOPLIST_KEY_UILaunchScreen_Generation = YES;
				INFOPLIST_KEY_UISupportedInterfaceOrientations_iPad = "UIInterfaceOrientationPortrait UIInterfaceOrientationPortraitUpsideDown UIInterfaceOrientationLandscapeLeft UIInterfaceOrientationLandscapeRight";
				INFOPLIST_KEY_UISupportedInterfaceOrientations_iPhone = "UIInterfaceOrientationPortrait UIInterfaceOrientationLandscapeLeft UIInterfaceOrientationLandscapeRight";
				LD_RUNPATH_SEARCH_PATHS = (
					"$(inherited)",
					"@executable_path/Frameworks",
				);
				MARKETING_VERSION = 1.0;
				PRODUCT_BUNDLE_IDENTIFIER = "com.Swift-Leetcode";
				PRODUCT_NAME = "$(TARGET_NAME)";
				SWIFT_EMIT_LOC_STRINGS = YES;
				SWIFT_VERSION = 5.0;
				TARGETED_DEVICE_FAMILY = "1,2";
			};
			name = Debug;
		};
		43B03CFB293D043F00223864 /* Release */ = {
			isa = XCBuildConfiguration;
			buildSettings = {
				ASSETCATALOG_COMPILER_APPICON_NAME = AppIcon;
				ASSETCATALOG_COMPILER_GLOBAL_ACCENT_COLOR_NAME = AccentColor;
				CODE_SIGN_STYLE = Automatic;
				CURRENT_PROJECT_VERSION = 1;
				DEVELOPMENT_ASSET_PATHS = "\"Swift-Leetcode/Preview Content\"";
				ENABLE_PREVIEWS = YES;
				GENERATE_INFOPLIST_FILE = YES;
				INFOPLIST_KEY_UIApplicationSceneManifest_Generation = YES;
				INFOPLIST_KEY_UIApplicationSupportsIndirectInputEvents = YES;
				INFOPLIST_KEY_UILaunchScreen_Generation = YES;
				INFOPLIST_KEY_UISupportedInterfaceOrientations_iPad = "UIInterfaceOrientationPortrait UIInterfaceOrientationPortraitUpsideDown UIInterfaceOrientationLandscapeLeft UIInterfaceOrientationLandscapeRight";
				INFOPLIST_KEY_UISupportedInterfaceOrientations_iPhone = "UIInterfaceOrientationPortrait UIInterfaceOrientationLandscapeLeft UIInterfaceOrientationLandscapeRight";
				LD_RUNPATH_SEARCH_PATHS = (
					"$(inherited)",
					"@executable_path/Frameworks",
				);
				MARKETING_VERSION = 1.0;
				PRODUCT_BUNDLE_IDENTIFIER = "com.Swift-Leetcode";
				PRODUCT_NAME = "$(TARGET_NAME)";
				SWIFT_EMIT_LOC_STRINGS = YES;
				SWIFT_VERSION = 5.0;
				TARGETED_DEVICE_FAMILY = "1,2";
			};
			name = Release;
		};
/* End XCBuildConfiguration section */

/* Begin XCConfigurationList section */
		43B03CE6293D043E00223864 /* Build configuration list for PBXProject "Swift-Leetcode" */ = {
			isa = XCConfigurationList;
			buildConfigurations = (
				43B03CF7293D043F00223864 /* Debug */,
				43B03CF8293D043F00223864 /* Release */,
			);
			defaultConfigurationIsVisible = 0;
			defaultConfigurationName = Release;
		};
		43B03CF9293D043F00223864 /* Build configuration list for PBXNativeTarget "Swift-Leetcode" */ = {
			isa = XCConfigurationList;
			buildConfigurations = (
				43B03CFA293D043F00223864 /* Debug */,
				43B03CFB293D043F00223864 /* Release */,
			);
			defaultConfigurationIsVisible = 0;
			defaultConfigurationName = Release;
		};
/* End XCConfigurationList section */
	};
	rootObject = 43B03CE3293D043E00223864 /* Project object */;
}
